
Microsoft Visual Studio Solution File, Format Version 12.00
# Visual Studio Version 16
VisualStudioVersion = 16.0.31005.135
MinimumVisualStudioVersion = 10.0.40219.1
Project("{FAE04EC0-301F-11D3-BF4B-00C04F79EFBC}") = "Lekce 2 - stringy, chary", "Lekce 2 - stringy, chary.csproj", "{F5F65550-CC1F-4FE2-BB90-6D69442A51C2}"
EndProject
Global
	GlobalSection(SolutionConfigurationPlatforms) = preSolution
		Debug|Any CPU = Debug|Any CPU
		Release|Any CPU = Release|Any CPU
	EndGlobalSection
	GlobalSection(ProjectConfigurationPlatforms) = postSolution
		{F5F65550-CC1F-4FE2-BB90-6D69442A51C2}.Debug|Any CPU.ActiveCfg = Debug|Any CPU
		{F5F65550-CC1F-4FE2-BB90-6D69442A51C2}.Debug|Any CPU.Build.0 = Debug|Any CPU
		{F5F65550-CC1F-4FE2-BB90-6D69442A51C2}.Release|Any CPU.ActiveCfg = Release|Any CPU
		{F5F65550-CC1F-4FE2-BB90-6D69442A51C2}.Release|Any CPU.Build.0 = Release|Any CPU
	EndGlobalSection
	GlobalSection(SolutionProperties) = preSolution
		HideSolutionNode = FALSE
	EndGlobalSection
	GlobalSection(ExtensibilityGlobals) = postSolution
		SolutionGuid = {B17A913E-7A31-475E-8569-4543B9593A5D}
	EndGlobalSection
EndGlobal
