
Microsoft Visual Studio Solution File, Format Version 12.00
# Visual Studio Version 16
VisualStudioVersion = 16.0.31005.135
MinimumVisualStudioVersion = 10.0.40219.1
Project("{FAE04EC0-301F-11D3-BF4B-00C04F79EFBC}") = "dedicnost - ukol z hodiny", "dedicnost - ukol z hodiny.csproj", "{DE6AFFF3-D096-4D88-93A1-712E16F1A0BF}"
EndProject
Global
	GlobalSection(SolutionConfigurationPlatforms) = preSolution
		Debug|Any CPU = Debug|Any CPU
		Release|Any CPU = Release|Any CPU
	EndGlobalSection
	GlobalSection(ProjectConfigurationPlatforms) = postSolution
		{DE6AFFF3-D096-4D88-93A1-712E16F1A0BF}.Debug|Any CPU.ActiveCfg = Debug|Any CPU
		{DE6AFFF3-D096-4D88-93A1-712E16F1A0BF}.Debug|Any CPU.Build.0 = Debug|Any CPU
		{DE6AFFF3-D096-4D88-93A1-712E16F1A0BF}.Release|Any CPU.ActiveCfg = Release|Any CPU
		{DE6AFFF3-D096-4D88-93A1-712E16F1A0BF}.Release|Any CPU.Build.0 = Release|Any CPU
	EndGlobalSection
	GlobalSection(SolutionProperties) = preSolution
		HideSolutionNode = FALSE
	EndGlobalSection
	GlobalSection(ExtensibilityGlobals) = postSolution
		SolutionGuid = {7E27EFBC-AE6B-48C4-8147-968F5D6E2A99}
	EndGlobalSection
EndGlobal
